// !$*UTF8*$!
{
	archiveVersion = 1;
	classes = {
	};
	objectVersion = 50;
	objects = {

/* Begin PBXBuildFile section */
		BC5EA8682664F3E900F5C373 /* InfoViewController.swift in Sources */ = {isa = PBXBuildFile; fileRef = BC5EA8672664F3E900F5C373 /* InfoViewController.swift */; };
		BC9894FB265D8DF200732CEE /* AppDelegate.swift in Sources */ = {isa = PBXBuildFile; fileRef = BC9894FA265D8DF200732CEE /* AppDelegate.swift */; };
		BC9894FD265D8DF200732CEE /* SceneDelegate.swift in Sources */ = {isa = PBXBuildFile; fileRef = BC9894FC265D8DF200732CEE /* SceneDelegate.swift */; };
		BC989502265D8DF200732CEE /* Main.storyboard in Resources */ = {isa = PBXBuildFile; fileRef = BC989500265D8DF200732CEE /* Main.storyboard */; };
		BC989504265D8DF700732CEE /* Assets.xcassets in Resources */ = {isa = PBXBuildFile; fileRef = BC989503265D8DF700732CEE /* Assets.xcassets */; };
		BC989507265D8DF700732CEE /* LaunchScreen.storyboard in Resources */ = {isa = PBXBuildFile; fileRef = BC989505265D8DF700732CEE /* LaunchScreen.storyboard */; };
		BC98950F265D960000732CEE /* MainViewController.swift in Sources */ = {isa = PBXBuildFile; fileRef = BC98950E265D960000732CEE /* MainViewController.swift */; };
		BC989511265D964200732CEE /* WelcomeViewController.swift in Sources */ = {isa = PBXBuildFile; fileRef = BC989510265D964200732CEE /* WelcomeViewController.swift */; };
		BC989513265E240700732CEE /* Alert.swift in Sources */ = {isa = PBXBuildFile; fileRef = BC989512265E240700732CEE /* Alert.swift */; };
		BC98953D2662F18F00732CEE /* HobbiesViewController.swift in Sources */ = {isa = PBXBuildFile; fileRef = BC98953C2662F18F00732CEE /* HobbiesViewController.swift */; };
		BC98953F266306A900732CEE /* PersonInformationViewController.swift in Sources */ = {isa = PBXBuildFile; fileRef = BC98953E266306A900732CEE /* PersonInformationViewController.swift */; };
		BC9895432663EA2C00732CEE /* User.swift in Sources */ = {isa = PBXBuildFile; fileRef = BC9895422663EA2C00732CEE /* User.swift */; };
/* End PBXBuildFile section */

/* Begin PBXFileReference section */
		BC5EA8672664F3E900F5C373 /* InfoViewController.swift */ = {isa = PBXFileReference; lastKnownFileType = sourcecode.swift; path = InfoViewController.swift; sourceTree = "<group>"; };
		BC9894F7265D8DF200732CEE /* LoginApp.app */ = {isa = PBXFileReference; explicitFileType = wrapper.application; includeInIndex = 0; path = LoginApp.app; sourceTree = BUILT_PRODUCTS_DIR; };
		BC9894FA265D8DF200732CEE /* AppDelegate.swift */ = {isa = PBXFileReference; lastKnownFileType = sourcecode.swift; path = AppDelegate.swift; sourceTree = "<group>"; };
		BC9894FC265D8DF200732CEE /* SceneDelegate.swift */ = {isa = PBXFileReference; lastKnownFileType = sourcecode.swift; path = SceneDelegate.swift; sourceTree = "<group>"; };
		BC989501265D8DF200732CEE /* Base */ = {isa = PBXFileReference; lastKnownFileType = file.storyboard; name = Base; path = Base.lproj/Main.storyboard; sourceTree = "<group>"; };
		BC989503265D8DF700732CEE /* Assets.xcassets */ = {isa = PBXFileReference; lastKnownFileType = folder.assetcatalog; path = Assets.xcassets; sourceTree = "<group>"; };
		BC989506265D8DF700732CEE /* Base */ = {isa = PBXFileReference; lastKnownFileType = file.storyboard; name = Base; path = Base.lproj/LaunchScreen.storyboard; sourceTree = "<group>"; };
		BC989508265D8DF700732CEE /* Info.plist */ = {isa = PBXFileReference; lastKnownFileType = text.plist.xml; path = Info.plist; sourceTree = "<group>"; };
		BC98950E265D960000732CEE /* MainViewController.swift */ = {isa = PBXFileReference; lastKnownFileType = sourcecode.swift; path = MainViewController.swift; sourceTree = "<group>"; };
		BC989510265D964200732CEE /* WelcomeViewController.swift */ = {isa = PBXFileReference; lastKnownFileType = sourcecode.swift; path = WelcomeViewController.swift; sourceTree = "<group>"; };
		BC989512265E240700732CEE /* Alert.swift */ = {isa = PBXFileReference; lastKnownFileType = sourcecode.swift; path = Alert.swift; sourceTree = "<group>"; };
		BC98953C2662F18F00732CEE /* HobbiesViewController.swift */ = {isa = PBXFileReference; lastKnownFileType = sourcecode.swift; path = HobbiesViewController.swift; sourceTree = "<group>"; };
		BC98953E266306A900732CEE /* PersonInformationViewController.swift */ = {isa = PBXFileReference; lastKnownFileType = sourcecode.swift; path = PersonInformationViewController.swift; sourceTree = "<group>"; };
		BC9895422663EA2C00732CEE /* User.swift */ = {isa = PBXFileReference; lastKnownFileType = sourcecode.swift; path = User.swift; sourceTree = "<group>"; };
/* End PBXFileReference section */

/* Begin PBXFrameworksBuildPhase section */
		BC9894F4265D8DF200732CEE /* Frameworks */ = {
			isa = PBXFrameworksBuildPhase;
			buildActionMask = 2147483647;
			files = (
			);
			runOnlyForDeploymentPostprocessing = 0;
		};
/* End PBXFrameworksBuildPhase section */

/* Begin PBXGroup section */
		BC9894EE265D8DF200732CEE = {
			isa = PBXGroup;
			children = (
				BC9894F9265D8DF200732CEE /* LoginApp */,
				BC9894F8265D8DF200732CEE /* Products */,
			);
			sourceTree = "<group>";
		};
		BC9894F8265D8DF200732CEE /* Products */ = {
			isa = PBXGroup;
			children = (
				BC9894F7265D8DF200732CEE /* LoginApp.app */,
			);
			name = Products;
			sourceTree = "<group>";
		};
		BC9894F9265D8DF200732CEE /* LoginApp */ = {
			isa = PBXGroup;
			children = (
				BC9895442663EA6D00732CEE /* Storyboards */,
				BC9895412663EA1800732CEE /* Models */,
				BC9895402663E9EC00732CEE /* ViewControllers */,
				BC9894FA265D8DF200732CEE /* AppDelegate.swift */,
				BC9894FC265D8DF200732CEE /* SceneDelegate.swift */,
				BC989512265E240700732CEE /* Alert.swift */,
				BC989503265D8DF700732CEE /* Assets.xcassets */,
				BC989508265D8DF700732CEE /* Info.plist */,
			);
			path = LoginApp;
			sourceTree = "<group>";
		};
		BC9895402663E9EC00732CEE /* ViewControllers */ = {
			isa = PBXGroup;
			children = (
				BC989510265D964200732CEE /* WelcomeViewController.swift */,
				BC98950E265D960000732CEE /* MainViewController.swift */,
				BC98953C2662F18F00732CEE /* HobbiesViewController.swift */,
				BC98953E266306A900732CEE /* PersonInformationViewController.swift */,
				BC5EA8672664F3E900F5C373 /* InfoViewController.swift */,
			);
			path = ViewControllers;
			sourceTree = "<group>";
		};
		BC9895412663EA1800732CEE /* Models */ = {
			isa = PBXGroup;
			children = (
				BC9895422663EA2C00732CEE /* User.swift */,
			);
			path = Models;
			sourceTree = "<group>";
		};
		BC9895442663EA6D00732CEE /* Storyboards */ = {
			isa = PBXGroup;
			children = (
				BC989505265D8DF700732CEE /* LaunchScreen.storyboard */,
				BC989500265D8DF200732CEE /* Main.storyboard */,
			);
			path = Storyboards;
			sourceTree = "<group>";
		};
/* End PBXGroup section */

/* Begin PBXNativeTarget section */
		BC9894F6265D8DF200732CEE /* LoginApp */ = {
			isa = PBXNativeTarget;
			buildConfigurationList = BC98950B265D8DF700732CEE /* Build configuration list for PBXNativeTarget "LoginApp" */;
			buildPhases = (
				BC9894F3265D8DF200732CEE /* Sources */,
				BC9894F4265D8DF200732CEE /* Frameworks */,
				BC9894F5265D8DF200732CEE /* Resources */,
			);
			buildRules = (
			);
			dependencies = (
			);
			name = LoginApp;
			productName = LoginApp;
			productReference = BC9894F7265D8DF200732CEE /* LoginApp.app */;
			productType = "com.apple.product-type.application";
		};
/* End PBXNativeTarget section */

/* Begin PBXProject section */
		BC9894EF265D8DF200732CEE /* Project object */ = {
			isa = PBXProject;
			attributes = {
				LastSwiftUpdateCheck = 1250;
				LastUpgradeCheck = 1250;
				TargetAttributes = {
					BC9894F6265D8DF200732CEE = {
						CreatedOnToolsVersion = 12.5;
					};
				};
			};
			buildConfigurationList = BC9894F2265D8DF200732CEE /* Build configuration list for PBXProject "LoginApp" */;
			compatibilityVersion = "Xcode 9.3";
			developmentRegion = en;
			hasScannedForEncodings = 0;
			knownRegions = (
				en,
				Base,
			);
			mainGroup = BC9894EE265D8DF200732CEE;
			productRefGroup = BC9894F8265D8DF200732CEE /* Products */;
			projectDirPath = "";
			projectRoot = "";
			targets = (
				BC9894F6265D8DF200732CEE /* LoginApp */,
			);
		};
/* End PBXProject section */

/* Begin PBXResourcesBuildPhase section */
		BC9894F5265D8DF200732CEE /* Resources */ = {
			isa = PBXResourcesBuildPhase;
			buildActionMask = 2147483647;
			files = (
				BC989507265D8DF700732CEE /* LaunchScreen.storyboard in Resources */,
				BC989504265D8DF700732CEE /* Assets.xcassets in Resources */,
				BC989502265D8DF200732CEE /* Main.storyboard in Resources */,
			);
			runOnlyForDeploymentPostprocessing = 0;
		};
/* End PBXResourcesBuildPhase section */

/* Begin PBXSourcesBuildPhase section */
		BC9894F3265D8DF200732CEE /* Sources */ = {
			isa = PBXSourcesBuildPhase;
			buildActionMask = 2147483647;
			files = (
				BC98953D2662F18F00732CEE /* HobbiesViewController.swift in Sources */,
				BC989511265D964200732CEE /* WelcomeViewController.swift in Sources */,
				BC98953F266306A900732CEE /* PersonInformationViewController.swift in Sources */,
				BC98950F265D960000732CEE /* MainViewController.swift in Sources */,
				BC5EA8682664F3E900F5C373 /* InfoViewController.swift in Sources */,
				BC9895432663EA2C00732CEE /* User.swift in Sources */,
				BC9894FB265D8DF200732CEE /* AppDelegate.swift in Sources */,
				BC989513265E240700732CEE /* Alert.swift in Sources */,
				BC9894FD265D8DF200732CEE /* SceneDelegate.swift in Sources */,
			);
			runOnlyForDeploymentPostprocessing = 0;
		};
/* End PBXSourcesBuildPhase section */

/* Begin PBXVariantGroup section */
		BC989500265D8DF200732CEE /* Main.storyboard */ = {
			isa = PBXVariantGroup;
			children = (
				BC989501265D8DF200732CEE /* Base */,
			);
			name = Main.storyboard;
			sourceTree = "<group>";
		};
		BC989505265D8DF700732CEE /* LaunchScreen.storyboard */ = {
			isa = PBXVariantGroup;
			children = (
				BC989506265D8DF700732CEE /* Base */,
			);
			name = LaunchScreen.storyboard;
			sourceTree = "<group>";
		};
/* End PBXVariantGroup section */

/* Begin XCBuildConfiguration section */
		BC989509265D8DF700732CEE /* Debug */ = {
			isa = XCBuildConfiguration;
			buildSettings = {
				ALWAYS_SEARCH_USER_PATHS = NO;
				CLANG_ANALYZER_NONNULL = YES;
				CLANG_ANALYZER_NUMBER_OBJECT_CONVERSION = YES_AGGRESSIVE;
				CLANG_CXX_LANGUAGE_STANDARD = "gnu++14";
				CLANG_CXX_LIBRARY = "libc++";
				CLANG_ENABLE_MODULES = YES;
				CLANG_ENABLE_OBJC_ARC = YES;
				CLANG_ENABLE_OBJC_WEAK = YES;
				CLANG_WARN_BLOCK_CAPTURE_AUTORELEASING = YES;
				CLANG_WARN_BOOL_CONVERSION = YES;
				CLANG_WARN_COMMA = YES;
				CLANG_WARN_CONSTANT_CONVERSION = YES;
				CLANG_WARN_DEPRECATED_OBJC_IMPLEMENTATIONS = YES;
				CLANG_WARN_DIRECT_OBJC_ISA_USAGE = YES_ERROR;
				CLANG_WARN_DOCUMENTATION_COMMENTS = YES;
				CLANG_WARN_EMPTY_BODY = YES;
				CLANG_WARN_ENUM_CONVERSION = YES;
				CLANG_WARN_INFINITE_RECURSION = YES;
				CLANG_WARN_INT_CONVERSION = YES;
				CLANG_WARN_NON_LITERAL_NULL_CONVERSION = YES;
				CLANG_WARN_OBJC_IMPLICIT_RETAIN_SELF = YES;
				CLANG_WARN_OBJC_LITERAL_CONVERSION = YES;
				CLANG_WARN_OBJC_ROOT_CLASS = YES_ERROR;
				CLANG_WARN_QUOTED_INCLUDE_IN_FRAMEWORK_HEADER = YES;
				CLANG_WARN_RANGE_LOOP_ANALYSIS = YES;
				CLANG_WARN_STRICT_PROTOTYPES = YES;
				CLANG_WARN_SUSPICIOUS_MOVE = YES;
				CLANG_WARN_UNGUARDED_AVAILABILITY = YES_AGGRESSIVE;
				CLANG_WARN_UNREACHABLE_CODE = YES;
				CLANG_WARN__DUPLICATE_METHOD_MATCH = YES;
				COPY_PHASE_STRIP = NO;
				DEBUG_INFORMATION_FORMAT = dwarf;
				ENABLE_STRICT_OBJC_MSGSEND = YES;
				ENABLE_TESTABILITY = YES;
				GCC_C_LANGUAGE_STANDARD = gnu11;
				GCC_DYNAMIC_NO_PIC = NO;
				GCC_NO_COMMON_BLOCKS = YES;
				GCC_OPTIMIZATION_LEVEL = 0;
				GCC_PREPROCESSOR_DEFINITIONS = (
					"DEBUG=1",
					"$(inherited)",
				);
				GCC_WARN_64_TO_32_BIT_CONVERSION = YES;
				GCC_WARN_ABOUT_RETURN_TYPE = YES_ERROR;
				GCC_WARN_UNDECLARED_SELECTOR = YES;
				GCC_WARN_UNINITIALIZED_AUTOS = YES_AGGRESSIVE;
				GCC_WARN_UNUSED_FUNCTION = YES;
				GCC_WARN_UNUSED_VARIABLE = YES;
				IPHONEOS_DEPLOYMENT_TARGET = 14.5;
				MTL_ENABLE_DEBUG_INFO = INCLUDE_SOURCE;
				MTL_FAST_MATH = YES;
				ONLY_ACTIVE_ARCH = YES;
				SDKROOT = iphoneos;
				SWIFT_ACTIVE_COMPILATION_CONDITIONS = DEBUG;
				SWIFT_OPTIMIZATION_LEVEL = "-Onone";
			};
			name = Debug;
		};
		BC98950A265D8DF700732CEE /* Release */ = {
			isa = XCBuildConfiguration;
			buildSettings = {
				ALWAYS_SEARCH_USER_PATHS = NO;
				CLANG_ANALYZER_NONNULL = YES;
				CLANG_ANALYZER_NUMBER_OBJECT_CONVERSION = YES_AGGRESSIVE;
				CLANG_CXX_LANGUAGE_STANDARD = "gnu++14";
				CLANG_CXX_LIBRARY = "libc++";
				CLANG_ENABLE_MODULES = YES;
				CLANG_ENABLE_OBJC_ARC = YES;
				CLANG_ENABLE_OBJC_WEAK = YES;
				CLANG_WARN_BLOCK_CAPTURE_AUTORELEASING = YES;
				CLANG_WARN_BOOL_CONVERSION = YES;
				CLANG_WARN_COMMA = YES;
				CLANG_WARN_CONSTANT_CONVERSION = YES;
				CLANG_WARN_DEPRECATED_OBJC_IMPLEMENTATIONS = YES;
				CLANG_WARN_DIRECT_OBJC_ISA_USAGE = YES_ERROR;
				CLANG_WARN_DOCUMENTATION_COMMENTS = YES;
				CLANG_WARN_EMPTY_BODY = YES;
				CLANG_WARN_ENUM_CONVERSION = YES;
				CLANG_WARN_INFINITE_RECURSION = YES;
				CLANG_WARN_INT_CONVERSION = YES;
				CLANG_WARN_NON_LITERAL_NULL_CONVERSION = YES;
				CLANG_WARN_OBJC_IMPLICIT_RETAIN_SELF = YES;
				CLANG_WARN_OBJC_LITERAL_CONVERSION = YES;
				CLANG_WARN_OBJC_ROOT_CLASS = YES_ERROR;
				CLANG_WARN_QUOTED_INCLUDE_IN_FRAMEWORK_HEADER = YES;
				CLANG_WARN_RANGE_LOOP_ANALYSIS = YES;
				CLANG_WARN_STRICT_PROTOTYPES = YES;
				CLANG_WARN_SUSPICIOUS_MOVE = YES;
				CLANG_WARN_UNGUARDED_AVAILABILITY = YES_AGGRESSIVE;
				CLANG_WARN_UNREACHABLE_CODE = YES;
				CLANG_WARN__DUPLICATE_METHOD_MATCH = YES;
				COPY_PHASE_STRIP = NO;
				DEBUG_INFORMATION_FORMAT = "dwarf-with-dsym";
				ENABLE_NS_ASSERTIONS = NO;
				ENABLE_STRICT_OBJC_MSGSEND = YES;
				GCC_C_LANGUAGE_STANDARD = gnu11;
				GCC_NO_COMMON_BLOCKS = YES;
				GCC_WARN_64_TO_32_BIT_CONVERSION = YES;
				GCC_WARN_ABOUT_RETURN_TYPE = YES_ERROR;
				GCC_WARN_UNDECLARED_SELECTOR = YES;
				GCC_WARN_UNINITIALIZED_AUTOS = YES_AGGRESSIVE;
				GCC_WARN_UNUSED_FUNCTION = YES;
				GCC_WARN_UNUSED_VARIABLE = YES;
				IPHONEOS_DEPLOYMENT_TARGET = 14.5;
				MTL_ENABLE_DEBUG_INFO = NO;
				MTL_FAST_MATH = YES;
				SDKROOT = iphoneos;
				SWIFT_COMPILATION_MODE = wholemodule;
				SWIFT_OPTIMIZATION_LEVEL = "-O";
				VALIDATE_PRODUCT = YES;
			};
			name = Release;
		};
		BC98950C265D8DF700732CEE /* Debug */ = {
			isa = XCBuildConfiguration;
			buildSettings = {
				ASSETCATALOG_COMPILER_APPICON_NAME = AppIcon;
				ASSETCATALOG_COMPILER_GLOBAL_ACCENT_COLOR_NAME = AccentColor;
				CODE_SIGN_STYLE = Automatic;
				DEVELOPMENT_TEAM = ATN5JCL522;
				INFOPLIST_FILE = LoginApp/Info.plist;
				LD_RUNPATH_SEARCH_PATHS = (
					"$(inherited)",
					"@executable_path/Frameworks",
				);
				PRODUCT_BUNDLE_IDENTIFIER = Work.LoginApp;
				PRODUCT_NAME = "$(TARGET_NAME)";
				SWIFT_VERSION = 5.0;
				TARGETED_DEVICE_FAMILY = 1;
			};
			name = Debug;
		};
		BC98950D265D8DF700732CEE /* Release */ = {
			isa = XCBuildConfiguration;
			buildSettings = {
				ASSETCATALOG_COMPILER_APPICON_NAME = AppIcon;
				ASSETCATALOG_COMPILER_GLOBAL_ACCENT_COLOR_NAME = AccentColor;
				CODE_SIGN_STYLE = Automatic;
				DEVELOPMENT_TEAM = ATN5JCL522;
				INFOPLIST_FILE = LoginApp/Info.plist;
				LD_RUNPATH_SEARCH_PATHS = (
					"$(inherited)",
					"@executable_path/Frameworks",
				);
				PRODUCT_BUNDLE_IDENTIFIER = Work.LoginApp;
				PRODUCT_NAME = "$(TARGET_NAME)";
				SWIFT_VERSION = 5.0;
				TARGETED_DEVICE_FAMILY = 1;
			};
			name = Release;
		};
/* End XCBuildConfiguration section */

/* Begin XCConfigurationList section */
		BC9894F2265D8DF200732CEE /* Build configuration list for PBXProject "LoginApp" */ = {
			isa = XCConfigurationList;
			buildConfigurations = (
				BC989509265D8DF700732CEE /* Debug */,
				BC98950A265D8DF700732CEE /* Release */,
			);
			defaultConfigurationIsVisible = 0;
			defaultConfigurationName = Release;
		};
		BC98950B265D8DF700732CEE /* Build configuration list for PBXNativeTarget "LoginApp" */ = {
			isa = XCConfigurationList;
			buildConfigurations = (
				BC98950C265D8DF700732CEE /* Debug */,
				BC98950D265D8DF700732CEE /* Release */,
			);
			defaultConfigurationIsVisible = 0;
			defaultConfigurationName = Release;
		};
/* End XCConfigurationList section */
	};
	rootObject = BC9894EF265D8DF200732CEE /* Project object */;
}
